
Microsoft Visual Studio Solution File, Format Version 12.00
# Visual Studio 15
VisualStudioVersion = 15.0.28010.2016
MinimumVisualStudioVersion = 10.0.40219.1
Project("{FAE04EC0-301F-11D3-BF4B-00C04F79EFBC}") = "StudentProject", "StudentProject\StudentProject.csproj", "{CAC7DAF9-843D-4C61-9BE7-92EFD789EE74}"
EndProject
Project("{FAE04EC0-301F-11D3-BF4B-00C04F79EFBC}") = "StudentProject.Tests", "StudentProject.Tests\StudentProject.Tests.csproj", "{4978C20B-D34B-4786-AD22-602D2B996D15}"
EndProject
Global
	GlobalSection(SolutionConfigurationPlatforms) = preSolution
		Debug|Any CPU = Debug|Any CPU
		Release|Any CPU = Release|Any CPU
	EndGlobalSection
	GlobalSection(ProjectConfigurationPlatforms) = postSolution
		{CAC7DAF9-843D-4C61-9BE7-92EFD789EE74}.Debug|Any CPU.ActiveCfg = Debug|Any CPU
		{CAC7DAF9-843D-4C61-9BE7-92EFD789EE74}.Debug|Any CPU.Build.0 = Debug|Any CPU
		{CAC7DAF9-843D-4C61-9BE7-92EFD789EE74}.Release|Any CPU.ActiveCfg = Release|Any CPU
		{CAC7DAF9-843D-4C61-9BE7-92EFD789EE74}.Release|Any CPU.Build.0 = Release|Any CPU
		{4978C20B-D34B-4786-AD22-602D2B996D15}.Debug|Any CPU.ActiveCfg = Debug|Any CPU
		{4978C20B-D34B-4786-AD22-602D2B996D15}.Debug|Any CPU.Build.0 = Debug|Any CPU
		{4978C20B-D34B-4786-AD22-602D2B996D15}.Release|Any CPU.ActiveCfg = Release|Any CPU
		{4978C20B-D34B-4786-AD22-602D2B996D15}.Release|Any CPU.Build.0 = Release|Any CPU
	EndGlobalSection
	GlobalSection(SolutionProperties) = preSolution
		HideSolutionNode = FALSE
	EndGlobalSection
	GlobalSection(ExtensibilityGlobals) = postSolution
		SolutionGuid = {B363C74B-FB01-48C7-BEBC-B46C3C1907CD}
	EndGlobalSection
EndGlobal
